
Microsoft Visual Studio Solution File, Format Version 12.00
# Visual Studio 14
VisualStudioVersion = 14.0.25420.1
MinimumVisualStudioVersion = 10.0.40219.1
Project("{8BC9CEB8-8B4A-11D0-8D11-00A0C91BC942}") = "二维数组中的查找", "nowcoder\nowcoder.vcxproj", "{2621CE1B-887F-4F5D-8B8B-81D93489B3EE}"
EndProject
Project("{8BC9CEB8-8B4A-11D0-8D11-00A0C91BC942}") = "华为2016 - 2 简单错误记录", "华为2016 - 2 简单错误记录\华为2016 - 2 简单错误记录.vcxproj", "{CEE98C81-4E40-4C5B-82D9-836677D19BDA}"
EndProject
Project("{8BC9CEB8-8B4A-11D0-8D11-00A0C91BC942}") = "测试", "测试\测试.vcxproj", "{36B3B68D-1F5B-41B9-934C-95D5E466081D}"
EndProject
Project("{8BC9CEB8-8B4A-11D0-8D11-00A0C91BC942}") = "华为2016 - 3 扑克牌大小", "华为2016 - 3 扑克牌大小\华为2016 - 3 扑克牌大小.vcxproj", "{E47B1FC7-FD7E-482F-AD34-C300C3482316}"
EndProject
Project("{8BC9CEB8-8B4A-11D0-8D11-00A0C91BC942}") = "汽水瓶", "汽水瓶\汽水瓶.vcxproj", "{7F42D4AE-160B-41CD-B5D2-602D7566A21E}"
EndProject
Project("{8BC9CEB8-8B4A-11D0-8D11-00A0C91BC942}") = "删数", "删数\删数.vcxproj", "{B27334FE-21BB-42C3-BE85-79A853859A05}"
EndProject
Project("{8BC9CEB8-8B4A-11D0-8D11-00A0C91BC942}") = "字符集合", "字符集合\字符集合.vcxproj", "{8664E88A-B3BA-417D-9C5B-C3F380A34108}"
EndProject
Project("{8BC9CEB8-8B4A-11D0-8D11-00A0C91BC942}") = "华为_20190327_1", "华为_20190327_1\华为_20190327_1.vcxproj", "{9C6CB5CE-1618-4CBF-B0E1-0F1A9629492F}"
EndProject
Project("{8BC9CEB8-8B4A-11D0-8D11-00A0C91BC942}") = "华为_20190327_2", "华为_20190327_2\华为_20190327_2.vcxproj", "{BFE3EE5C-89F6-4B1C-B4CD-7F9588D1FFC7}"
EndProject
Project("{8BC9CEB8-8B4A-11D0-8D11-00A0C91BC942}") = "华为_20190327_3", "华为_20190327_3\华为_20190327_3.vcxproj", "{A7CBEA36-F53C-47BE-B02B-2C25FBF90C77}"
EndProject
Project("{8BC9CEB8-8B4A-11D0-8D11-00A0C91BC942}") = "0330用户喜好", "0330用户喜好\0330用户喜好.vcxproj", "{546A5F2E-64D2-4743-98C9-A1C14618698C}"
EndProject
Project("{8BC9CEB8-8B4A-11D0-8D11-00A0C91BC942}") = "0330手串", "0330手串\0330手串.vcxproj", "{53FC56CB-02A0-458A-A211-0C97C3D34D80}"
EndProject
Project("{8BC9CEB8-8B4A-11D0-8D11-00A0C91BC942}") = "0411三子棋", "0411三子棋\0411三子棋.vcxproj", "{A5D1B153-E59C-4F0C-8359-7CFF276BBDA5}"
EndProject
Project("{8BC9CEB8-8B4A-11D0-8D11-00A0C91BC942}") = "0412路径规划", "0412路径规划\0412路径规划.vcxproj", "{9DE5DE79-9B6C-467A-B991-CFE1F5405DF8}"
EndProject
Project("{8BC9CEB8-8B4A-11D0-8D11-00A0C91BC942}") = "0413JD紧急疏散", "0413JD紧急疏散\0413JD紧急疏散.vcxproj", "{D85ED742-2385-41F9-9D6F-4DEA1A34B47E}"
EndProject
Project("{8BC9CEB8-8B4A-11D0-8D11-00A0C91BC942}") = "0413JD寻找子串", "0413JD寻找子串\0413JD寻找子串.vcxproj", "{6866074B-EB76-44A1-84A5-5A98916F8C01}"
EndProject
Project("{8BC9CEB8-8B4A-11D0-8D11-00A0C91BC942}") = "数独", "数独\数独.vcxproj", "{AFBBE3C1-0F5F-4648-B962-EFF92A5BEFC9}"
EndProject
Project("{8BC9CEB8-8B4A-11D0-8D11-00A0C91BC942}") = "数独my", "数独my\数独my.vcxproj", "{BBB0CCFB-BE8E-4E51-9C7A-924C49650B29}"
EndProject
Project("{8BC9CEB8-8B4A-11D0-8D11-00A0C91BC942}") = "数独my迭代方式", "数独my迭代方式\数独my迭代方式.vcxproj", "{F3B8110E-5FAE-4DC3-9117-5924196099B2}"
EndProject
Global
	GlobalSection(SolutionConfigurationPlatforms) = preSolution
		Debug|x64 = Debug|x64
		Debug|x86 = Debug|x86
		Release|x64 = Release|x64
		Release|x86 = Release|x86
	EndGlobalSection
	GlobalSection(ProjectConfigurationPlatforms) = postSolution
		{2621CE1B-887F-4F5D-8B8B-81D93489B3EE}.Debug|x64.ActiveCfg = Debug|x64
		{2621CE1B-887F-4F5D-8B8B-81D93489B3EE}.Debug|x64.Build.0 = Debug|x64
		{2621CE1B-887F-4F5D-8B8B-81D93489B3EE}.Debug|x86.ActiveCfg = Debug|Win32
		{2621CE1B-887F-4F5D-8B8B-81D93489B3EE}.Debug|x86.Build.0 = Debug|Win32
		{2621CE1B-887F-4F5D-8B8B-81D93489B3EE}.Release|x64.ActiveCfg = Release|x64
		{2621CE1B-887F-4F5D-8B8B-81D93489B3EE}.Release|x64.Build.0 = Release|x64
		{2621CE1B-887F-4F5D-8B8B-81D93489B3EE}.Release|x86.ActiveCfg = Release|Win32
		{2621CE1B-887F-4F5D-8B8B-81D93489B3EE}.Release|x86.Build.0 = Release|Win32
		{CEE98C81-4E40-4C5B-82D9-836677D19BDA}.Debug|x64.ActiveCfg = Debug|x64
		{CEE98C81-4E40-4C5B-82D9-836677D19BDA}.Debug|x64.Build.0 = Debug|x64
		{CEE98C81-4E40-4C5B-82D9-836677D19BDA}.Debug|x86.ActiveCfg = Debug|Win32
		{CEE98C81-4E40-4C5B-82D9-836677D19BDA}.Debug|x86.Build.0 = Debug|Win32
		{CEE98C81-4E40-4C5B-82D9-836677D19BDA}.Release|x64.ActiveCfg = Release|x64
		{CEE98C81-4E40-4C5B-82D9-836677D19BDA}.Release|x64.Build.0 = Release|x64
		{CEE98C81-4E40-4C5B-82D9-836677D19BDA}.Release|x86.ActiveCfg = Release|Win32
		{CEE98C81-4E40-4C5B-82D9-836677D19BDA}.Release|x86.Build.0 = Release|Win32
		{36B3B68D-1F5B-41B9-934C-95D5E466081D}.Debug|x64.ActiveCfg = Debug|x64
		{36B3B68D-1F5B-41B9-934C-95D5E466081D}.Debug|x64.Build.0 = Debug|x64
		{36B3B68D-1F5B-41B9-934C-95D5E466081D}.Debug|x86.ActiveCfg = Debug|Win32
		{36B3B68D-1F5B-41B9-934C-95D5E466081D}.Debug|x86.Build.0 = Debug|Win32
		{36B3B68D-1F5B-41B9-934C-95D5E466081D}.Release|x64.ActiveCfg = Release|x64
		{36B3B68D-1F5B-41B9-934C-95D5E466081D}.Release|x64.Build.0 = Release|x64
		{36B3B68D-1F5B-41B9-934C-95D5E466081D}.Release|x86.ActiveCfg = Release|Win32
		{36B3B68D-1F5B-41B9-934C-95D5E466081D}.Release|x86.Build.0 = Release|Win32
		{E47B1FC7-FD7E-482F-AD34-C300C3482316}.Debug|x64.ActiveCfg = Debug|x64
		{E47B1FC7-FD7E-482F-AD34-C300C3482316}.Debug|x64.Build.0 = Debug|x64
		{E47B1FC7-FD7E-482F-AD34-C300C3482316}.Debug|x86.ActiveCfg = Debug|Win32
		{E47B1FC7-FD7E-482F-AD34-C300C3482316}.Debug|x86.Build.0 = Debug|Win32
		{E47B1FC7-FD7E-482F-AD34-C300C3482316}.Release|x64.ActiveCfg = Release|x64
		{E47B1FC7-FD7E-482F-AD34-C300C3482316}.Release|x64.Build.0 = Release|x64
		{E47B1FC7-FD7E-482F-AD34-C300C3482316}.Release|x86.ActiveCfg = Release|Win32
		{E47B1FC7-FD7E-482F-AD34-C300C3482316}.Release|x86.Build.0 = Release|Win32
		{7F42D4AE-160B-41CD-B5D2-602D7566A21E}.Debug|x64.ActiveCfg = Debug|x64
		{7F42D4AE-160B-41CD-B5D2-602D7566A21E}.Debug|x64.Build.0 = Debug|x64
		{7F42D4AE-160B-41CD-B5D2-602D7566A21E}.Debug|x86.ActiveCfg = Debug|Win32
		{7F42D4AE-160B-41CD-B5D2-602D7566A21E}.Debug|x86.Build.0 = Debug|Win32
		{7F42D4AE-160B-41CD-B5D2-602D7566A21E}.Release|x64.ActiveCfg = Release|x64
		{7F42D4AE-160B-41CD-B5D2-602D7566A21E}.Release|x64.Build.0 = Release|x64
		{7F42D4AE-160B-41CD-B5D2-602D7566A21E}.Release|x86.ActiveCfg = Release|Win32
		{7F42D4AE-160B-41CD-B5D2-602D7566A21E}.Release|x86.Build.0 = Release|Win32
		{B27334FE-21BB-42C3-BE85-79A853859A05}.Debug|x64.ActiveCfg = Debug|x64
		{B27334FE-21BB-42C3-BE85-79A853859A05}.Debug|x64.Build.0 = Debug|x64
		{B27334FE-21BB-42C3-BE85-79A853859A05}.Debug|x86.ActiveCfg = Debug|Win32
		{B27334FE-21BB-42C3-BE85-79A853859A05}.Debug|x86.Build.0 = Debug|Win32
		{B27334FE-21BB-42C3-BE85-79A853859A05}.Release|x64.ActiveCfg = Release|x64
		{B27334FE-21BB-42C3-BE85-79A853859A05}.Release|x64.Build.0 = Release|x64
		{B27334FE-21BB-42C3-BE85-79A853859A05}.Release|x86.ActiveCfg = Release|Win32
		{B27334FE-21BB-42C3-BE85-79A853859A05}.Release|x86.Build.0 = Release|Win32
		{8664E88A-B3BA-417D-9C5B-C3F380A34108}.Debug|x64.ActiveCfg = Debug|x64
		{8664E88A-B3BA-417D-9C5B-C3F380A34108}.Debug|x64.Build.0 = Debug|x64
		{8664E88A-B3BA-417D-9C5B-C3F380A34108}.Debug|x86.ActiveCfg = Debug|Win32
		{8664E88A-B3BA-417D-9C5B-C3F380A34108}.Debug|x86.Build.0 = Debug|Win32
		{8664E88A-B3BA-417D-9C5B-C3F380A34108}.Release|x64.ActiveCfg = Release|x64
		{8664E88A-B3BA-417D-9C5B-C3F380A34108}.Release|x64.Build.0 = Release|x64
		{8664E88A-B3BA-417D-9C5B-C3F380A34108}.Release|x86.ActiveCfg = Release|Win32
		{8664E88A-B3BA-417D-9C5B-C3F380A34108}.Release|x86.Build.0 = Release|Win32
		{9C6CB5CE-1618-4CBF-B0E1-0F1A9629492F}.Debug|x64.ActiveCfg = Debug|x64
		{9C6CB5CE-1618-4CBF-B0E1-0F1A9629492F}.Debug|x64.Build.0 = Debug|x64
		{9C6CB5CE-1618-4CBF-B0E1-0F1A9629492F}.Debug|x86.ActiveCfg = Debug|Win32
		{9C6CB5CE-1618-4CBF-B0E1-0F1A9629492F}.Debug|x86.Build.0 = Debug|Win32
		{9C6CB5CE-1618-4CBF-B0E1-0F1A9629492F}.Release|x64.ActiveCfg = Release|x64
		{9C6CB5CE-1618-4CBF-B0E1-0F1A9629492F}.Release|x64.Build.0 = Release|x64
		{9C6CB5CE-1618-4CBF-B0E1-0F1A9629492F}.Release|x86.ActiveCfg = Release|Win32
		{9C6CB5CE-1618-4CBF-B0E1-0F1A9629492F}.Release|x86.Build.0 = Release|Win32
		{BFE3EE5C-89F6-4B1C-B4CD-7F9588D1FFC7}.Debug|x64.ActiveCfg = Debug|x64
		{BFE3EE5C-89F6-4B1C-B4CD-7F9588D1FFC7}.Debug|x64.Build.0 = Debug|x64
		{BFE3EE5C-89F6-4B1C-B4CD-7F9588D1FFC7}.Debug|x86.ActiveCfg = Debug|Win32
		{BFE3EE5C-89F6-4B1C-B4CD-7F9588D1FFC7}.Debug|x86.Build.0 = Debug|Win32
		{BFE3EE5C-89F6-4B1C-B4CD-7F9588D1FFC7}.Release|x64.ActiveCfg = Release|x64
		{BFE3EE5C-89F6-4B1C-B4CD-7F9588D1FFC7}.Release|x64.Build.0 = Release|x64
		{BFE3EE5C-89F6-4B1C-B4CD-7F9588D1FFC7}.Release|x86.ActiveCfg = Release|Win32
		{BFE3EE5C-89F6-4B1C-B4CD-7F9588D1FFC7}.Release|x86.Build.0 = Release|Win32
		{A7CBEA36-F53C-47BE-B02B-2C25FBF90C77}.Debug|x64.ActiveCfg = Debug|x64
		{A7CBEA36-F53C-47BE-B02B-2C25FBF90C77}.Debug|x64.Build.0 = Debug|x64
		{A7CBEA36-F53C-47BE-B02B-2C25FBF90C77}.Debug|x86.ActiveCfg = Debug|Win32
		{A7CBEA36-F53C-47BE-B02B-2C25FBF90C77}.Debug|x86.Build.0 = Debug|Win32
		{A7CBEA36-F53C-47BE-B02B-2C25FBF90C77}.Release|x64.ActiveCfg = Release|x64
		{A7CBEA36-F53C-47BE-B02B-2C25FBF90C77}.Release|x64.Build.0 = Release|x64
		{A7CBEA36-F53C-47BE-B02B-2C25FBF90C77}.Release|x86.ActiveCfg = Release|Win32
		{A7CBEA36-F53C-47BE-B02B-2C25FBF90C77}.Release|x86.Build.0 = Release|Win32
		{546A5F2E-64D2-4743-98C9-A1C14618698C}.Debug|x64.ActiveCfg = Debug|x64
		{546A5F2E-64D2-4743-98C9-A1C14618698C}.Debug|x64.Build.0 = Debug|x64
		{546A5F2E-64D2-4743-98C9-A1C14618698C}.Debug|x86.ActiveCfg = Debug|Win32
		{546A5F2E-64D2-4743-98C9-A1C14618698C}.Debug|x86.Build.0 = Debug|Win32
		{546A5F2E-64D2-4743-98C9-A1C14618698C}.Release|x64.ActiveCfg = Release|x64
		{546A5F2E-64D2-4743-98C9-A1C14618698C}.Release|x64.Build.0 = Release|x64
		{546A5F2E-64D2-4743-98C9-A1C14618698C}.Release|x86.ActiveCfg = Release|Win32
		{546A5F2E-64D2-4743-98C9-A1C14618698C}.Release|x86.Build.0 = Release|Win32
		{53FC56CB-02A0-458A-A211-0C97C3D34D80}.Debug|x64.ActiveCfg = Debug|x64
		{53FC56CB-02A0-458A-A211-0C97C3D34D80}.Debug|x64.Build.0 = Debug|x64
		{53FC56CB-02A0-458A-A211-0C97C3D34D80}.Debug|x86.ActiveCfg = Debug|Win32
		{53FC56CB-02A0-458A-A211-0C97C3D34D80}.Debug|x86.Build.0 = Debug|Win32
		{53FC56CB-02A0-458A-A211-0C97C3D34D80}.Release|x64.ActiveCfg = Release|x64
		{53FC56CB-02A0-458A-A211-0C97C3D34D80}.Release|x64.Build.0 = Release|x64
		{53FC56CB-02A0-458A-A211-0C97C3D34D80}.Release|x86.ActiveCfg = Release|Win32
		{53FC56CB-02A0-458A-A211-0C97C3D34D80}.Release|x86.Build.0 = Release|Win32
		{A5D1B153-E59C-4F0C-8359-7CFF276BBDA5}.Debug|x64.ActiveCfg = Debug|x64
		{A5D1B153-E59C-4F0C-8359-7CFF276BBDA5}.Debug|x64.Build.0 = Debug|x64
		{A5D1B153-E59C-4F0C-8359-7CFF276BBDA5}.Debug|x86.ActiveCfg = Debug|Win32
		{A5D1B153-E59C-4F0C-8359-7CFF276BBDA5}.Debug|x86.Build.0 = Debug|Win32
		{A5D1B153-E59C-4F0C-8359-7CFF276BBDA5}.Release|x64.ActiveCfg = Release|x64
		{A5D1B153-E59C-4F0C-8359-7CFF276BBDA5}.Release|x64.Build.0 = Release|x64
		{A5D1B153-E59C-4F0C-8359-7CFF276BBDA5}.Release|x86.ActiveCfg = Release|Win32
		{A5D1B153-E59C-4F0C-8359-7CFF276BBDA5}.Release|x86.Build.0 = Release|Win32
		{9DE5DE79-9B6C-467A-B991-CFE1F5405DF8}.Debug|x64.ActiveCfg = Debug|x64
		{9DE5DE79-9B6C-467A-B991-CFE1F5405DF8}.Debug|x64.Build.0 = Debug|x64
		{9DE5DE79-9B6C-467A-B991-CFE1F5405DF8}.Debug|x86.ActiveCfg = Debug|Win32
		{9DE5DE79-9B6C-467A-B991-CFE1F5405DF8}.Debug|x86.Build.0 = Debug|Win32
		{9DE5DE79-9B6C-467A-B991-CFE1F5405DF8}.Release|x64.ActiveCfg = Release|x64
		{9DE5DE79-9B6C-467A-B991-CFE1F5405DF8}.Release|x64.Build.0 = Release|x64
		{9DE5DE79-9B6C-467A-B991-CFE1F5405DF8}.Release|x86.ActiveCfg = Release|Win32
		{9DE5DE79-9B6C-467A-B991-CFE1F5405DF8}.Release|x86.Build.0 = Release|Win32
		{D85ED742-2385-41F9-9D6F-4DEA1A34B47E}.Debug|x64.ActiveCfg = Debug|x64
		{D85ED742-2385-41F9-9D6F-4DEA1A34B47E}.Debug|x64.Build.0 = Debug|x64
		{D85ED742-2385-41F9-9D6F-4DEA1A34B47E}.Debug|x86.ActiveCfg = Debug|Win32
		{D85ED742-2385-41F9-9D6F-4DEA1A34B47E}.Debug|x86.Build.0 = Debug|Win32
		{D85ED742-2385-41F9-9D6F-4DEA1A34B47E}.Release|x64.ActiveCfg = Release|x64
		{D85ED742-2385-41F9-9D6F-4DEA1A34B47E}.Release|x64.Build.0 = Release|x64
		{D85ED742-2385-41F9-9D6F-4DEA1A34B47E}.Release|x86.ActiveCfg = Release|Win32
		{D85ED742-2385-41F9-9D6F-4DEA1A34B47E}.Release|x86.Build.0 = Release|Win32
		{6866074B-EB76-44A1-84A5-5A98916F8C01}.Debug|x64.ActiveCfg = Debug|x64
		{6866074B-EB76-44A1-84A5-5A98916F8C01}.Debug|x64.Build.0 = Debug|x64
		{6866074B-EB76-44A1-84A5-5A98916F8C01}.Debug|x86.ActiveCfg = Debug|Win32
		{6866074B-EB76-44A1-84A5-5A98916F8C01}.Debug|x86.Build.0 = Debug|Win32
		{6866074B-EB76-44A1-84A5-5A98916F8C01}.Release|x64.ActiveCfg = Release|x64
		{6866074B-EB76-44A1-84A5-5A98916F8C01}.Release|x64.Build.0 = Release|x64
		{6866074B-EB76-44A1-84A5-5A98916F8C01}.Release|x86.ActiveCfg = Release|Win32
		{6866074B-EB76-44A1-84A5-5A98916F8C01}.Release|x86.Build.0 = Release|Win32
		{AFBBE3C1-0F5F-4648-B962-EFF92A5BEFC9}.Debug|x64.ActiveCfg = Debug|x64
		{AFBBE3C1-0F5F-4648-B962-EFF92A5BEFC9}.Debug|x64.Build.0 = Debug|x64
		{AFBBE3C1-0F5F-4648-B962-EFF92A5BEFC9}.Debug|x86.ActiveCfg = Debug|Win32
		{AFBBE3C1-0F5F-4648-B962-EFF92A5BEFC9}.Debug|x86.Build.0 = Debug|Win32
		{AFBBE3C1-0F5F-4648-B962-EFF92A5BEFC9}.Release|x64.ActiveCfg = Release|x64
		{AFBBE3C1-0F5F-4648-B962-EFF92A5BEFC9}.Release|x64.Build.0 = Release|x64
		{AFBBE3C1-0F5F-4648-B962-EFF92A5BEFC9}.Release|x86.ActiveCfg = Release|Win32
		{AFBBE3C1-0F5F-4648-B962-EFF92A5BEFC9}.Release|x86.Build.0 = Release|Win32
		{BBB0CCFB-BE8E-4E51-9C7A-924C49650B29}.Debug|x64.ActiveCfg = Debug|x64
		{BBB0CCFB-BE8E-4E51-9C7A-924C49650B29}.Debug|x64.Build.0 = Debug|x64
		{BBB0CCFB-BE8E-4E51-9C7A-924C49650B29}.Debug|x86.ActiveCfg = Debug|Win32
		{BBB0CCFB-BE8E-4E51-9C7A-924C49650B29}.Debug|x86.Build.0 = Debug|Win32
		{BBB0CCFB-BE8E-4E51-9C7A-924C49650B29}.Release|x64.ActiveCfg = Release|x64
		{BBB0CCFB-BE8E-4E51-9C7A-924C49650B29}.Release|x64.Build.0 = Release|x64
		{BBB0CCFB-BE8E-4E51-9C7A-924C49650B29}.Release|x86.ActiveCfg = Release|Win32
		{BBB0CCFB-BE8E-4E51-9C7A-924C49650B29}.Release|x86.Build.0 = Release|Win32
		{F3B8110E-5FAE-4DC3-9117-5924196099B2}.Debug|x64.ActiveCfg = Debug|x64
		{F3B8110E-5FAE-4DC3-9117-5924196099B2}.Debug|x64.Build.0 = Debug|x64
		{F3B8110E-5FAE-4DC3-9117-5924196099B2}.Debug|x86.ActiveCfg = Debug|Win32
		{F3B8110E-5FAE-4DC3-9117-5924196099B2}.Debug|x86.Build.0 = Debug|Win32
		{F3B8110E-5FAE-4DC3-9117-5924196099B2}.Release|x64.ActiveCfg = Release|x64
		{F3B8110E-5FAE-4DC3-9117-5924196099B2}.Release|x64.Build.0 = Release|x64
		{F3B8110E-5FAE-4DC3-9117-5924196099B2}.Release|x86.ActiveCfg = Release|Win32
		{F3B8110E-5FAE-4DC3-9117-5924196099B2}.Release|x86.Build.0 = Release|Win32
	EndGlobalSection
	GlobalSection(SolutionProperties) = preSolution
		HideSolutionNode = FALSE
	EndGlobalSection
EndGlobal
